// !$*UTF8*$!
{
	archiveVersion = 1;
	classes = {
	};
	objectVersion = 56;
	objects = {

/* Begin PBXBuildFile section */
		EE9F52162B3BB98500097FBA /* AppFeatureTests.swift in Sources */ = {isa = PBXBuildFile; fileRef = EE9F52152B3BB98500097FBA /* AppFeatureTests.swift */; };
		EEEA07752B32755E004D6CE8 /* TCA_TutorialApp.swift in Sources */ = {isa = PBXBuildFile; fileRef = EEEA07742B32755E004D6CE8 /* TCA_TutorialApp.swift */; };
		EEEA07772B32755E004D6CE8 /* ContentView.swift in Sources */ = {isa = PBXBuildFile; fileRef = EEEA07762B32755E004D6CE8 /* ContentView.swift */; };
		EEEA07792B327560004D6CE8 /* Assets.xcassets in Resources */ = {isa = PBXBuildFile; fileRef = EEEA07782B327560004D6CE8 /* Assets.xcassets */; };
		EEEA077C2B327560004D6CE8 /* Preview Assets.xcassets in Resources */ = {isa = PBXBuildFile; fileRef = EEEA077B2B327560004D6CE8 /* Preview Assets.xcassets */; };
		EEEA07842B327837004D6CE8 /* ComposableArchitecture in Frameworks */ = {isa = PBXBuildFile; productRef = EEEA07832B327837004D6CE8 /* ComposableArchitecture */; };
		EEEA07872B327995004D6CE8 /* CounterFeature.swift in Sources */ = {isa = PBXBuildFile; fileRef = EEEA07862B327995004D6CE8 /* CounterFeature.swift */; };
		EEEA07892B32817E004D6CE8 /* CounterView.swift in Sources */ = {isa = PBXBuildFile; fileRef = EEEA07882B32817E004D6CE8 /* CounterView.swift */; };
		EEEA07922B32B6C8004D6CE8 /* CounterFeatureTests.swift in Sources */ = {isa = PBXBuildFile; fileRef = EEEA07912B32B6C8004D6CE8 /* CounterFeatureTests.swift */; };
		EEEA079E2B33CADF004D6CE8 /* NumberFactClient.swift in Sources */ = {isa = PBXBuildFile; fileRef = EEEA079D2B33CADF004D6CE8 /* NumberFactClient.swift */; };
		EEEA07A12B33D0A1004D6CE8 /* DependencyValues + Extension.swift in Sources */ = {isa = PBXBuildFile; fileRef = EEEA07A02B33D0A1004D6CE8 /* DependencyValues + Extension.swift */; };
		EEEA07A42B33D6E3004D6CE8 /* AppFeature.swift in Sources */ = {isa = PBXBuildFile; fileRef = EEEA07A32B33D6E3004D6CE8 /* AppFeature.swift */; };
		EEEA07A62B33D6FC004D6CE8 /* AppView.swift in Sources */ = {isa = PBXBuildFile; fileRef = EEEA07A52B33D6FC004D6CE8 /* AppView.swift */; };
/* End PBXBuildFile section */

/* Begin PBXContainerItemProxy section */
		EE9F52172B3BB98500097FBA /* PBXContainerItemProxy */ = {
			isa = PBXContainerItemProxy;
			containerPortal = EEEA07692B32755E004D6CE8 /* Project object */;
			proxyType = 1;
			remoteGlobalIDString = EEEA07702B32755E004D6CE8;
			remoteInfo = TCA_Tutorial;
		};
		EEEA07932B32B6C8004D6CE8 /* PBXContainerItemProxy */ = {
			isa = PBXContainerItemProxy;
			containerPortal = EEEA07692B32755E004D6CE8 /* Project object */;
			proxyType = 1;
			remoteGlobalIDString = EEEA07702B32755E004D6CE8;
			remoteInfo = TCA_Tutorial;
		};
/* End PBXContainerItemProxy section */

/* Begin PBXFileReference section */
		EE9F52132B3BB98500097FBA /* AppFeatureTests.xctest */ = {isa = PBXFileReference; explicitFileType = wrapper.cfbundle; includeInIndex = 0; path = AppFeatureTests.xctest; sourceTree = BUILT_PRODUCTS_DIR; };
		EE9F52152B3BB98500097FBA /* AppFeatureTests.swift */ = {isa = PBXFileReference; lastKnownFileType = sourcecode.swift; path = AppFeatureTests.swift; sourceTree = "<group>"; };
		EEEA07712B32755E004D6CE8 /* TCA_Tutorial.app */ = {isa = PBXFileReference; explicitFileType = wrapper.application; includeInIndex = 0; path = TCA_Tutorial.app; sourceTree = BUILT_PRODUCTS_DIR; };
		EEEA07742B32755E004D6CE8 /* TCA_TutorialApp.swift */ = {isa = PBXFileReference; lastKnownFileType = sourcecode.swift; path = TCA_TutorialApp.swift; sourceTree = "<group>"; };
		EEEA07762B32755E004D6CE8 /* ContentView.swift */ = {isa = PBXFileReference; lastKnownFileType = sourcecode.swift; path = ContentView.swift; sourceTree = "<group>"; };
		EEEA07782B327560004D6CE8 /* Assets.xcassets */ = {isa = PBXFileReference; lastKnownFileType = folder.assetcatalog; path = Assets.xcassets; sourceTree = "<group>"; };
		EEEA077B2B327560004D6CE8 /* Preview Assets.xcassets */ = {isa = PBXFileReference; lastKnownFileType = folder.assetcatalog; path = "Preview Assets.xcassets"; sourceTree = "<group>"; };
		EEEA07862B327995004D6CE8 /* CounterFeature.swift */ = {isa = PBXFileReference; lastKnownFileType = sourcecode.swift; path = CounterFeature.swift; sourceTree = "<group>"; };
		EEEA07882B32817E004D6CE8 /* CounterView.swift */ = {isa = PBXFileReference; lastKnownFileType = sourcecode.swift; path = CounterView.swift; sourceTree = "<group>"; };
		EEEA078F2B32B6C8004D6CE8 /* CounterFeatureTests.xctest */ = {isa = PBXFileReference; explicitFileType = wrapper.cfbundle; includeInIndex = 0; path = CounterFeatureTests.xctest; sourceTree = BUILT_PRODUCTS_DIR; };
		EEEA07912B32B6C8004D6CE8 /* CounterFeatureTests.swift */ = {isa = PBXFileReference; lastKnownFileType = sourcecode.swift; path = CounterFeatureTests.swift; sourceTree = "<group>"; };
		EEEA079D2B33CADF004D6CE8 /* NumberFactClient.swift */ = {isa = PBXFileReference; lastKnownFileType = sourcecode.swift; path = NumberFactClient.swift; sourceTree = "<group>"; };
		EEEA07A02B33D0A1004D6CE8 /* DependencyValues + Extension.swift */ = {isa = PBXFileReference; lastKnownFileType = sourcecode.swift; path = "DependencyValues + Extension.swift"; sourceTree = "<group>"; };
		EEEA07A32B33D6E3004D6CE8 /* AppFeature.swift */ = {isa = PBXFileReference; lastKnownFileType = sourcecode.swift; path = AppFeature.swift; sourceTree = "<group>"; };
		EEEA07A52B33D6FC004D6CE8 /* AppView.swift */ = {isa = PBXFileReference; lastKnownFileType = sourcecode.swift; path = AppView.swift; sourceTree = "<group>"; };
/* End PBXFileReference section */

/* Begin PBXFrameworksBuildPhase section */
		EE9F52102B3BB98500097FBA /* Frameworks */ = {
			isa = PBXFrameworksBuildPhase;
			buildActionMask = 2147483647;
			files = (
			);
			runOnlyForDeploymentPostprocessing = 0;
		};
		EEEA076E2B32755E004D6CE8 /* Frameworks */ = {
			isa = PBXFrameworksBuildPhase;
			buildActionMask = 2147483647;
			files = (
				EEEA07842B327837004D6CE8 /* ComposableArchitecture in Frameworks */,
			);
			runOnlyForDeploymentPostprocessing = 0;
		};
		EEEA078C2B32B6C8004D6CE8 /* Frameworks */ = {
			isa = PBXFrameworksBuildPhase;
			buildActionMask = 2147483647;
			files = (
			);
			runOnlyForDeploymentPostprocessing = 0;
		};
/* End PBXFrameworksBuildPhase section */

/* Begin PBXGroup section */
		EE9F52142B3BB98500097FBA /* AppFeatureTests */ = {
			isa = PBXGroup;
			children = (
				EE9F52152B3BB98500097FBA /* AppFeatureTests.swift */,
			);
			path = AppFeatureTests;
			sourceTree = "<group>";
		};
		EEEA07682B32755E004D6CE8 = {
			isa = PBXGroup;
			children = (
				EEEA07732B32755E004D6CE8 /* TCA_Tutorial */,
				EEEA07902B32B6C8004D6CE8 /* CounterFeatureTests */,
				EE9F52142B3BB98500097FBA /* AppFeatureTests */,
				EEEA07722B32755E004D6CE8 /* Products */,
			);
			sourceTree = "<group>";
		};
		EEEA07722B32755E004D6CE8 /* Products */ = {
			isa = PBXGroup;
			children = (
				EEEA07712B32755E004D6CE8 /* TCA_Tutorial.app */,
				EEEA078F2B32B6C8004D6CE8 /* CounterFeatureTests.xctest */,
				EE9F52132B3BB98500097FBA /* AppFeatureTests.xctest */,
			);
			name = Products;
			sourceTree = "<group>";
		};
		EEEA07732B32755E004D6CE8 /* TCA_Tutorial */ = {
			isa = PBXGroup;
			children = (
				EEEA07A22B33D68F004D6CE8 /* App */,
				EEEA079F2B33D086004D6CE8 /* Utils */,
				EEEA07852B32797F004D6CE8 /* Counter */,
				EEEA07742B32755E004D6CE8 /* TCA_TutorialApp.swift */,
				EEEA07762B32755E004D6CE8 /* ContentView.swift */,
				EEEA07782B327560004D6CE8 /* Assets.xcassets */,
				EEEA077A2B327560004D6CE8 /* Preview Content */,
			);
			path = TCA_Tutorial;
			sourceTree = "<group>";
		};
		EEEA077A2B327560004D6CE8 /* Preview Content */ = {
			isa = PBXGroup;
			children = (
				EEEA077B2B327560004D6CE8 /* Preview Assets.xcassets */,
			);
			path = "Preview Content";
			sourceTree = "<group>";
		};
		EEEA07852B32797F004D6CE8 /* Counter */ = {
			isa = PBXGroup;
			children = (
				EEEA07862B327995004D6CE8 /* CounterFeature.swift */,
				EEEA07882B32817E004D6CE8 /* CounterView.swift */,
				EEEA079D2B33CADF004D6CE8 /* NumberFactClient.swift */,
			);
			path = Counter;
			sourceTree = "<group>";
		};
		EEEA07902B32B6C8004D6CE8 /* CounterFeatureTests */ = {
			isa = PBXGroup;
			children = (
				EEEA07912B32B6C8004D6CE8 /* CounterFeatureTests.swift */,
			);
			path = CounterFeatureTests;
			sourceTree = "<group>";
		};
		EEEA079F2B33D086004D6CE8 /* Utils */ = {
			isa = PBXGroup;
			children = (
				EEEA07A02B33D0A1004D6CE8 /* DependencyValues + Extension.swift */,
			);
			path = Utils;
			sourceTree = "<group>";
		};
		EEEA07A22B33D68F004D6CE8 /* App */ = {
			isa = PBXGroup;
			children = (
				EEEA07A32B33D6E3004D6CE8 /* AppFeature.swift */,
				EEEA07A52B33D6FC004D6CE8 /* AppView.swift */,
			);
			path = App;
			sourceTree = "<group>";
		};
/* End PBXGroup section */

/* Begin PBXNativeTarget section */
		EE9F52122B3BB98500097FBA /* AppFeatureTests */ = {
			isa = PBXNativeTarget;
			buildConfigurationList = EE9F521B2B3BB98500097FBA /* Build configuration list for PBXNativeTarget "AppFeatureTests" */;
			buildPhases = (
				EE9F520F2B3BB98500097FBA /* Sources */,
				EE9F52102B3BB98500097FBA /* Frameworks */,
				EE9F52112B3BB98500097FBA /* Resources */,
			);
			buildRules = (
			);
			dependencies = (
				EE9F52182B3BB98500097FBA /* PBXTargetDependency */,
			);
			name = AppFeatureTests;
			productName = AppFeatureTests;
			productReference = EE9F52132B3BB98500097FBA /* AppFeatureTests.xctest */;
			productType = "com.apple.product-type.bundle.unit-test";
		};
		EEEA07702B32755E004D6CE8 /* TCA_Tutorial */ = {
			isa = PBXNativeTarget;
			buildConfigurationList = EEEA077F2B327560004D6CE8 /* Build configuration list for PBXNativeTarget "TCA_Tutorial" */;
			buildPhases = (
				EEEA076D2B32755E004D6CE8 /* Sources */,
				EEEA076E2B32755E004D6CE8 /* Frameworks */,
				EEEA076F2B32755E004D6CE8 /* Resources */,
			);
			buildRules = (
			);
			dependencies = (
			);
			name = TCA_Tutorial;
			packageProductDependencies = (
				EEEA07832B327837004D6CE8 /* ComposableArchitecture */,
			);
			productName = TCA_Tutorial;
			productReference = EEEA07712B32755E004D6CE8 /* TCA_Tutorial.app */;
			productType = "com.apple.product-type.application";
		};
		EEEA078E2B32B6C8004D6CE8 /* CounterFeatureTests */ = {
			isa = PBXNativeTarget;
			buildConfigurationList = EEEA07952B32B6C8004D6CE8 /* Build configuration list for PBXNativeTarget "CounterFeatureTests" */;
			buildPhases = (
				EEEA078B2B32B6C8004D6CE8 /* Sources */,
				EEEA078C2B32B6C8004D6CE8 /* Frameworks */,
				EEEA078D2B32B6C8004D6CE8 /* Resources */,
			);
			buildRules = (
			);
			dependencies = (
				EEEA07942B32B6C8004D6CE8 /* PBXTargetDependency */,
			);
			name = CounterFeatureTests;
			productName = CounterFeatureTests;
			productReference = EEEA078F2B32B6C8004D6CE8 /* CounterFeatureTests.xctest */;
			productType = "com.apple.product-type.bundle.unit-test";
		};
/* End PBXNativeTarget section */

/* Begin PBXProject section */
		EEEA07692B32755E004D6CE8 /* Project object */ = {
			isa = PBXProject;
			attributes = {
				BuildIndependentTargetsInParallel = 1;
				LastSwiftUpdateCheck = 1500;
				LastUpgradeCheck = 1500;
				TargetAttributes = {
					EE9F52122B3BB98500097FBA = {
						CreatedOnToolsVersion = 15.0.1;
						TestTargetID = EEEA07702B32755E004D6CE8;
					};
					EEEA07702B32755E004D6CE8 = {
						CreatedOnToolsVersion = 15.0.1;
					};
					EEEA078E2B32B6C8004D6CE8 = {
						CreatedOnToolsVersion = 15.0.1;
						TestTargetID = EEEA07702B32755E004D6CE8;
					};
				};
			};
			buildConfigurationList = EEEA076C2B32755E004D6CE8 /* Build configuration list for PBXProject "TCA_Tutorial" */;
			compatibilityVersion = "Xcode 14.0";
			developmentRegion = en;
			hasScannedForEncodings = 0;
			knownRegions = (
				en,
				Base,
			);
			mainGroup = EEEA07682B32755E004D6CE8;
			packageReferences = (
				EEEA07822B327837004D6CE8 /* XCRemoteSwiftPackageReference "swift-composable-architecture" */,
			);
			productRefGroup = EEEA07722B32755E004D6CE8 /* Products */;
			projectDirPath = "";
			projectRoot = "";
			targets = (
				EEEA07702B32755E004D6CE8 /* TCA_Tutorial */,
				EEEA078E2B32B6C8004D6CE8 /* CounterFeatureTests */,
				EE9F52122B3BB98500097FBA /* AppFeatureTests */,
			);
		};
/* End PBXProject section */

/* Begin PBXResourcesBuildPhase section */
		EE9F52112B3BB98500097FBA /* Resources */ = {
			isa = PBXResourcesBuildPhase;
			buildActionMask = 2147483647;
			files = (
			);
			runOnlyForDeploymentPostprocessing = 0;
		};
		EEEA076F2B32755E004D6CE8 /* Resources */ = {
			isa = PBXResourcesBuildPhase;
			buildActionMask = 2147483647;
			files = (
				EEEA077C2B327560004D6CE8 /* Preview Assets.xcassets in Resources */,
				EEEA07792B327560004D6CE8 /* Assets.xcassets in Resources */,
			);
			runOnlyForDeploymentPostprocessing = 0;
		};
		EEEA078D2B32B6C8004D6CE8 /* Resources */ = {
			isa = PBXResourcesBuildPhase;
			buildActionMask = 2147483647;
			files = (
			);
			runOnlyForDeploymentPostprocessing = 0;
		};
/* End PBXResourcesBuildPhase section */

/* Begin PBXSourcesBuildPhase section */
		EE9F520F2B3BB98500097FBA /* Sources */ = {
			isa = PBXSourcesBuildPhase;
			buildActionMask = 2147483647;
			files = (
				EE9F52162B3BB98500097FBA /* AppFeatureTests.swift in Sources */,
			);
			runOnlyForDeploymentPostprocessing = 0;
		};
		EEEA076D2B32755E004D6CE8 /* Sources */ = {
			isa = PBXSourcesBuildPhase;
			buildActionMask = 2147483647;
			files = (
				EEEA079E2B33CADF004D6CE8 /* NumberFactClient.swift in Sources */,
				EEEA07872B327995004D6CE8 /* CounterFeature.swift in Sources */,
				EEEA07A12B33D0A1004D6CE8 /* DependencyValues + Extension.swift in Sources */,
				EEEA07772B32755E004D6CE8 /* ContentView.swift in Sources */,
				EEEA07A62B33D6FC004D6CE8 /* AppView.swift in Sources */,
				EEEA07752B32755E004D6CE8 /* TCA_TutorialApp.swift in Sources */,
				EEEA07A42B33D6E3004D6CE8 /* AppFeature.swift in Sources */,
				EEEA07892B32817E004D6CE8 /* CounterView.swift in Sources */,
			);
			runOnlyForDeploymentPostprocessing = 0;
		};
		EEEA078B2B32B6C8004D6CE8 /* Sources */ = {
			isa = PBXSourcesBuildPhase;
			buildActionMask = 2147483647;
			files = (
				EEEA07922B32B6C8004D6CE8 /* CounterFeatureTests.swift in Sources */,
			);
			runOnlyForDeploymentPostprocessing = 0;
		};
/* End PBXSourcesBuildPhase section */

/* Begin PBXTargetDependency section */
		EE9F52182B3BB98500097FBA /* PBXTargetDependency */ = {
			isa = PBXTargetDependency;
			target = EEEA07702B32755E004D6CE8 /* TCA_Tutorial */;
			targetProxy = EE9F52172B3BB98500097FBA /* PBXContainerItemProxy */;
		};
		EEEA07942B32B6C8004D6CE8 /* PBXTargetDependency */ = {
			isa = PBXTargetDependency;
			target = EEEA07702B32755E004D6CE8 /* TCA_Tutorial */;
			targetProxy = EEEA07932B32B6C8004D6CE8 /* PBXContainerItemProxy */;
		};
/* End PBXTargetDependency section */

/* Begin XCBuildConfiguration section */
		EE9F52192B3BB98500097FBA /* Debug */ = {
			isa = XCBuildConfiguration;
			buildSettings = {
				BUNDLE_LOADER = "$(TEST_HOST)";
				CODE_SIGN_STYLE = Automatic;
				CURRENT_PROJECT_VERSION = 1;
				DEVELOPMENT_TEAM = H2N9KXXP3M;
				GENERATE_INFOPLIST_FILE = YES;
				IPHONEOS_DEPLOYMENT_TARGET = 17.0;
				MACOSX_DEPLOYMENT_TARGET = 14.0;
				MARKETING_VERSION = 1.0;
				PRODUCT_BUNDLE_IDENTIFIER = com.mandos.AppFeatureTests;
				PRODUCT_NAME = "$(TARGET_NAME)";
				SDKROOT = auto;
				SUPPORTED_PLATFORMS = "iphoneos iphonesimulator macosx";
				SWIFT_EMIT_LOC_STRINGS = NO;
				SWIFT_VERSION = 5.0;
				TARGETED_DEVICE_FAMILY = "1,2";
				TEST_HOST = "$(BUILT_PRODUCTS_DIR)/TCA_Tutorial.app/$(BUNDLE_EXECUTABLE_FOLDER_PATH)/TCA_Tutorial";
			};
			name = Debug;
		};
		EE9F521A2B3BB98500097FBA /* Release */ = {
			isa = XCBuildConfiguration;
			buildSettings = {
				BUNDLE_LOADER = "$(TEST_HOST)";
				CODE_SIGN_STYLE = Automatic;
				CURRENT_PROJECT_VERSION = 1;
				DEVELOPMENT_TEAM = H2N9KXXP3M;
				GENERATE_INFOPLIST_FILE = YES;
				IPHONEOS_DEPLOYMENT_TARGET = 17.0;
				MACOSX_DEPLOYMENT_TARGET = 14.0;
				MARKETING_VERSION = 1.0;
				PRODUCT_BUNDLE_IDENTIFIER = com.mandos.AppFeatureTests;
				PRODUCT_NAME = "$(TARGET_NAME)";
				SDKROOT = auto;
				SUPPORTED_PLATFORMS = "iphoneos iphonesimulator macosx";
				SWIFT_EMIT_LOC_STRINGS = NO;
				SWIFT_VERSION = 5.0;
				TARGETED_DEVICE_FAMILY = "1,2";
				TEST_HOST = "$(BUILT_PRODUCTS_DIR)/TCA_Tutorial.app/$(BUNDLE_EXECUTABLE_FOLDER_PATH)/TCA_Tutorial";
			};
			name = Release;
		};
		EEEA077D2B327560004D6CE8 /* Debug */ = {
			isa = XCBuildConfiguration;
			buildSettings = {
				ALWAYS_SEARCH_USER_PATHS = NO;
				ASSETCATALOG_COMPILER_GENERATE_SWIFT_ASSET_SYMBOL_EXTENSIONS = YES;
				CLANG_ANALYZER_NONNULL = YES;
				CLANG_ANALYZER_NUMBER_OBJECT_CONVERSION = YES_AGGRESSIVE;
				CLANG_CXX_LANGUAGE_STANDARD = "gnu++20";
				CLANG_ENABLE_MODULES = YES;
				CLANG_ENABLE_OBJC_ARC = YES;
				CLANG_ENABLE_OBJC_WEAK = YES;
				CLANG_WARN_BLOCK_CAPTURE_AUTORELEASING = YES;
				CLANG_WARN_BOOL_CONVERSION = YES;
				CLANG_WARN_COMMA = YES;
				CLANG_WARN_CONSTANT_CONVERSION = YES;
				CLANG_WARN_DEPRECATED_OBJC_IMPLEMENTATIONS = YES;
				CLANG_WARN_DIRECT_OBJC_ISA_USAGE = YES_ERROR;
				CLANG_WARN_DOCUMENTATION_COMMENTS = YES;
				CLANG_WARN_EMPTY_BODY = YES;
				CLANG_WARN_ENUM_CONVERSION = YES;
				CLANG_WARN_INFINITE_RECURSION = YES;
				CLANG_WARN_INT_CONVERSION = YES;
				CLANG_WARN_NON_LITERAL_NULL_CONVERSION = YES;
				CLANG_WARN_OBJC_IMPLICIT_RETAIN_SELF = YES;
				CLANG_WARN_OBJC_LITERAL_CONVERSION = YES;
				CLANG_WARN_OBJC_ROOT_CLASS = YES_ERROR;
				CLANG_WARN_QUOTED_INCLUDE_IN_FRAMEWORK_HEADER = YES;
				CLANG_WARN_RANGE_LOOP_ANALYSIS = YES;
				CLANG_WARN_STRICT_PROTOTYPES = YES;
				CLANG_WARN_SUSPICIOUS_MOVE = YES;
				CLANG_WARN_UNGUARDED_AVAILABILITY = YES_AGGRESSIVE;
				CLANG_WARN_UNREACHABLE_CODE = YES;
				CLANG_WARN__DUPLICATE_METHOD_MATCH = YES;
				COPY_PHASE_STRIP = NO;
				DEBUG_INFORMATION_FORMAT = dwarf;
				ENABLE_STRICT_OBJC_MSGSEND = YES;
				ENABLE_TESTABILITY = YES;
				ENABLE_USER_SCRIPT_SANDBOXING = YES;
				GCC_C_LANGUAGE_STANDARD = gnu17;
				GCC_DYNAMIC_NO_PIC = NO;
				GCC_NO_COMMON_BLOCKS = YES;
				GCC_OPTIMIZATION_LEVEL = 0;
				GCC_PREPROCESSOR_DEFINITIONS = (
					"DEBUG=1",
					"$(inherited)",
				);
				GCC_WARN_64_TO_32_BIT_CONVERSION = YES;
				GCC_WARN_ABOUT_RETURN_TYPE = YES_ERROR;
				GCC_WARN_UNDECLARED_SELECTOR = YES;
				GCC_WARN_UNINITIALIZED_AUTOS = YES_AGGRESSIVE;
				GCC_WARN_UNUSED_FUNCTION = YES;
				GCC_WARN_UNUSED_VARIABLE = YES;
				IPHONEOS_DEPLOYMENT_TARGET = 17.0;
				LOCALIZATION_PREFERS_STRING_CATALOGS = YES;
				MTL_ENABLE_DEBUG_INFO = INCLUDE_SOURCE;
				MTL_FAST_MATH = YES;
				ONLY_ACTIVE_ARCH = YES;
				SDKROOT = iphoneos;
				SWIFT_ACTIVE_COMPILATION_CONDITIONS = "DEBUG $(inherited)";
				SWIFT_OPTIMIZATION_LEVEL = "-Onone";
			};
			name = Debug;
		};
		EEEA077E2B327560004D6CE8 /* Release */ = {
			isa = XCBuildConfiguration;
			buildSettings = {
				ALWAYS_SEARCH_USER_PATHS = NO;
				ASSETCATALOG_COMPILER_GENERATE_SWIFT_ASSET_SYMBOL_EXTENSIONS = YES;
				CLANG_ANALYZER_NONNULL = YES;
				CLANG_ANALYZER_NUMBER_OBJECT_CONVERSION = YES_AGGRESSIVE;
				CLANG_CXX_LANGUAGE_STANDARD = "gnu++20";
				CLANG_ENABLE_MODULES = YES;
				CLANG_ENABLE_OBJC_ARC = YES;
				CLANG_ENABLE_OBJC_WEAK = YES;
				CLANG_WARN_BLOCK_CAPTURE_AUTORELEASING = YES;
				CLANG_WARN_BOOL_CONVERSION = YES;
				CLANG_WARN_COMMA = YES;
				CLANG_WARN_CONSTANT_CONVERSION = YES;
				CLANG_WARN_DEPRECATED_OBJC_IMPLEMENTATIONS = YES;
				CLANG_WARN_DIRECT_OBJC_ISA_USAGE = YES_ERROR;
				CLANG_WARN_DOCUMENTATION_COMMENTS = YES;
				CLANG_WARN_EMPTY_BODY = YES;
				CLANG_WARN_ENUM_CONVERSION = YES;
				CLANG_WARN_INFINITE_RECURSION = YES;
				CLANG_WARN_INT_CONVERSION = YES;
				CLANG_WARN_NON_LITERAL_NULL_CONVERSION = YES;
				CLANG_WARN_OBJC_IMPLICIT_RETAIN_SELF = YES;
				CLANG_WARN_OBJC_LITERAL_CONVERSION = YES;
				CLANG_WARN_OBJC_ROOT_CLASS = YES_ERROR;
				CLANG_WARN_QUOTED_INCLUDE_IN_FRAMEWORK_HEADER = YES;
				CLANG_WARN_RANGE_LOOP_ANALYSIS = YES;
				CLANG_WARN_STRICT_PROTOTYPES = YES;
				CLANG_WARN_SUSPICIOUS_MOVE = YES;
				CLANG_WARN_UNGUARDED_AVAILABILITY = YES_AGGRESSIVE;
				CLANG_WARN_UNREACHABLE_CODE = YES;
				CLANG_WARN__DUPLICATE_METHOD_MATCH = YES;
				COPY_PHASE_STRIP = NO;
				DEBUG_INFORMATION_FORMAT = "dwarf-with-dsym";
				ENABLE_NS_ASSERTIONS = NO;
				ENABLE_STRICT_OBJC_MSGSEND = YES;
				ENABLE_USER_SCRIPT_SANDBOXING = YES;
				GCC_C_LANGUAGE_STANDARD = gnu17;
				GCC_NO_COMMON_BLOCKS = YES;
				GCC_WARN_64_TO_32_BIT_CONVERSION = YES;
				GCC_WARN_ABOUT_RETURN_TYPE = YES_ERROR;
				GCC_WARN_UNDECLARED_SELECTOR = YES;
				GCC_WARN_UNINITIALIZED_AUTOS = YES_AGGRESSIVE;
				GCC_WARN_UNUSED_FUNCTION = YES;
				GCC_WARN_UNUSED_VARIABLE = YES;
				IPHONEOS_DEPLOYMENT_TARGET = 17.0;
				LOCALIZATION_PREFERS_STRING_CATALOGS = YES;
				MTL_ENABLE_DEBUG_INFO = NO;
				MTL_FAST_MATH = YES;
				SDKROOT = iphoneos;
				SWIFT_COMPILATION_MODE = wholemodule;
				VALIDATE_PRODUCT = YES;
			};
			name = Release;
		};
		EEEA07802B327560004D6CE8 /* Debug */ = {
			isa = XCBuildConfiguration;
			buildSettings = {
				ASSETCATALOG_COMPILER_APPICON_NAME = AppIcon;
				ASSETCATALOG_COMPILER_GLOBAL_ACCENT_COLOR_NAME = AccentColor;
				CODE_SIGN_STYLE = Automatic;
				CURRENT_PROJECT_VERSION = 1;
				DEVELOPMENT_ASSET_PATHS = "\"TCA_Tutorial/Preview Content\"";
				DEVELOPMENT_TEAM = H2N9KXXP3M;
				ENABLE_PREVIEWS = YES;
				GENERATE_INFOPLIST_FILE = YES;
				INFOPLIST_FILE = "TCA-Tutorial-Info.plist";
				INFOPLIST_KEY_UIApplicationSceneManifest_Generation = YES;
				INFOPLIST_KEY_UIApplicationSupportsIndirectInputEvents = YES;
				INFOPLIST_KEY_UILaunchScreen_Generation = YES;
				INFOPLIST_KEY_UISupportedInterfaceOrientations_iPad = "UIInterfaceOrientationPortrait UIInterfaceOrientationPortraitUpsideDown UIInterfaceOrientationLandscapeLeft UIInterfaceOrientationLandscapeRight";
				INFOPLIST_KEY_UISupportedInterfaceOrientations_iPhone = "UIInterfaceOrientationPortrait UIInterfaceOrientationLandscapeLeft UIInterfaceOrientationLandscapeRight";
				LD_RUNPATH_SEARCH_PATHS = (
					"$(inherited)",
					"@executable_path/Frameworks",
				);
				MARKETING_VERSION = 1.0;
				PRODUCT_BUNDLE_IDENTIFIER = "com.mandos.TCA-Tutorial";
				PRODUCT_NAME = "$(TARGET_NAME)";
				SWIFT_EMIT_LOC_STRINGS = YES;
				SWIFT_VERSION = 5.0;
				TARGETED_DEVICE_FAMILY = "1,2";
			};
			name = Debug;
		};
		EEEA07812B327560004D6CE8 /* Release */ = {
			isa = XCBuildConfiguration;
			buildSettings = {
				ASSETCATALOG_COMPILER_APPICON_NAME = AppIcon;
				ASSETCATALOG_COMPILER_GLOBAL_ACCENT_COLOR_NAME = AccentColor;
				CODE_SIGN_STYLE = Automatic;
				CURRENT_PROJECT_VERSION = 1;
				DEVELOPMENT_ASSET_PATHS = "\"TCA_Tutorial/Preview Content\"";
				DEVELOPMENT_TEAM = H2N9KXXP3M;
				ENABLE_PREVIEWS = YES;
				GENERATE_INFOPLIST_FILE = YES;
				INFOPLIST_FILE = "TCA-Tutorial-Info.plist";
				INFOPLIST_KEY_UIApplicationSceneManifest_Generation = YES;
				INFOPLIST_KEY_UIApplicationSupportsIndirectInputEvents = YES;
				INFOPLIST_KEY_UILaunchScreen_Generation = YES;
				INFOPLIST_KEY_UISupportedInterfaceOrientations_iPad = "UIInterfaceOrientationPortrait UIInterfaceOrientationPortraitUpsideDown UIInterfaceOrientationLandscapeLeft UIInterfaceOrientationLandscapeRight";
				INFOPLIST_KEY_UISupportedInterfaceOrientations_iPhone = "UIInterfaceOrientationPortrait UIInterfaceOrientationLandscapeLeft UIInterfaceOrientationLandscapeRight";
				LD_RUNPATH_SEARCH_PATHS = (
					"$(inherited)",
					"@executable_path/Frameworks",
				);
				MARKETING_VERSION = 1.0;
				PRODUCT_BUNDLE_IDENTIFIER = "com.mandos.TCA-Tutorial";
				PRODUCT_NAME = "$(TARGET_NAME)";
				SWIFT_EMIT_LOC_STRINGS = YES;
				SWIFT_VERSION = 5.0;
				TARGETED_DEVICE_FAMILY = "1,2";
			};
			name = Release;
		};
		EEEA07962B32B6C8004D6CE8 /* Debug */ = {
			isa = XCBuildConfiguration;
			buildSettings = {
				BUNDLE_LOADER = "$(TEST_HOST)";
				CODE_SIGN_STYLE = Automatic;
				CURRENT_PROJECT_VERSION = 1;
				DEVELOPMENT_TEAM = H2N9KXXP3M;
				GENERATE_INFOPLIST_FILE = YES;
				IPHONEOS_DEPLOYMENT_TARGET = 17.0;
				MACOSX_DEPLOYMENT_TARGET = 14.0;
				MARKETING_VERSION = 1.0;
				PRODUCT_BUNDLE_IDENTIFIER = com.mandos.CounterFeatureTests;
				PRODUCT_NAME = "$(TARGET_NAME)";
				SDKROOT = auto;
				SUPPORTED_PLATFORMS = "iphoneos iphonesimulator macosx";
				SWIFT_EMIT_LOC_STRINGS = NO;
				SWIFT_VERSION = 5.0;
				TARGETED_DEVICE_FAMILY = "1,2";
				TEST_HOST = "$(BUILT_PRODUCTS_DIR)/TCA_Tutorial.app/$(BUNDLE_EXECUTABLE_FOLDER_PATH)/TCA_Tutorial";
			};
			name = Debug;
		};
		EEEA07972B32B6C8004D6CE8 /* Release */ = {
			isa = XCBuildConfiguration;
			buildSettings = {
				BUNDLE_LOADER = "$(TEST_HOST)";
				CODE_SIGN_STYLE = Automatic;
				CURRENT_PROJECT_VERSION = 1;
				DEVELOPMENT_TEAM = H2N9KXXP3M;
				GENERATE_INFOPLIST_FILE = YES;
				IPHONEOS_DEPLOYMENT_TARGET = 17.0;
				MACOSX_DEPLOYMENT_TARGET = 14.0;
				MARKETING_VERSION = 1.0;
				PRODUCT_BUNDLE_IDENTIFIER = com.mandos.CounterFeatureTests;
				PRODUCT_NAME = "$(TARGET_NAME)";
				SDKROOT = auto;
				SUPPORTED_PLATFORMS = "iphoneos iphonesimulator macosx";
				SWIFT_EMIT_LOC_STRINGS = NO;
				SWIFT_VERSION = 5.0;
				TARGETED_DEVICE_FAMILY = "1,2";
				TEST_HOST = "$(BUILT_PRODUCTS_DIR)/TCA_Tutorial.app/$(BUNDLE_EXECUTABLE_FOLDER_PATH)/TCA_Tutorial";
			};
			name = Release;
		};
/* End XCBuildConfiguration section */

/* Begin XCConfigurationList section */
		EE9F521B2B3BB98500097FBA /* Build configuration list for PBXNativeTarget "AppFeatureTests" */ = {
			isa = XCConfigurationList;
			buildConfigurations = (
				EE9F52192B3BB98500097FBA /* Debug */,
				EE9F521A2B3BB98500097FBA /* Release */,
			);
			defaultConfigurationIsVisible = 0;
			defaultConfigurationName = Release;
		};
		EEEA076C2B32755E004D6CE8 /* Build configuration list for PBXProject "TCA_Tutorial" */ = {
			isa = XCConfigurationList;
			buildConfigurations = (
				EEEA077D2B327560004D6CE8 /* Debug */,
				EEEA077E2B327560004D6CE8 /* Release */,
			);
			defaultConfigurationIsVisible = 0;
			defaultConfigurationName = Release;
		};
		EEEA077F2B327560004D6CE8 /* Build configuration list for PBXNativeTarget "TCA_Tutorial" */ = {
			isa = XCConfigurationList;
			buildConfigurations = (
				EEEA07802B327560004D6CE8 /* Debug */,
				EEEA07812B327560004D6CE8 /* Release */,
			);
			defaultConfigurationIsVisible = 0;
			defaultConfigurationName = Release;
		};
		EEEA07952B32B6C8004D6CE8 /* Build configuration list for PBXNativeTarget "CounterFeatureTests" */ = {
			isa = XCConfigurationList;
			buildConfigurations = (
				EEEA07962B32B6C8004D6CE8 /* Debug */,
				EEEA07972B32B6C8004D6CE8 /* Release */,
			);
			defaultConfigurationIsVisible = 0;
			defaultConfigurationName = Release;
		};
/* End XCConfigurationList section */

/* Begin XCRemoteSwiftPackageReference section */
		EEEA07822B327837004D6CE8 /* XCRemoteSwiftPackageReference "swift-composable-architecture" */ = {
			isa = XCRemoteSwiftPackageReference;
			repositoryURL = "https://github.com/pointfreeco/swift-composable-architecture";
			requirement = {
				kind = upToNextMajorVersion;
				minimumVersion = 1.5.5;
			};
		};
/* End XCRemoteSwiftPackageReference section */

/* Begin XCSwiftPackageProductDependency section */
		EEEA07832B327837004D6CE8 /* ComposableArchitecture */ = {
			isa = XCSwiftPackageProductDependency;
			package = EEEA07822B327837004D6CE8 /* XCRemoteSwiftPackageReference "swift-composable-architecture" */;
			productName = ComposableArchitecture;
		};
/* End XCSwiftPackageProductDependency section */
	};
	rootObject = EEEA07692B32755E004D6CE8 /* Project object */;
}
